
Microsoft Visual Studio Solution File, Format Version 12.00
# Visual Studio Version 16
VisualStudioVersion = 16.0.30804.86
MinimumVisualStudioVersion = 10.0.40219.1
Project("{FAE04EC0-301F-11D3-BF4B-00C04F79EFBC}") = "kiralyno", "kiralyno\kiralyno.csproj", "{AFA004B0-71E7-42B1-86B1-5E5AADCEB02E}"
EndProject
Global
	GlobalSection(SolutionConfigurationPlatforms) = preSolution
		Debug|Any CPU = Debug|Any CPU
		Release|Any CPU = Release|Any CPU
	EndGlobalSection
	GlobalSection(ProjectConfigurationPlatforms) = postSolution
		{AFA004B0-71E7-42B1-86B1-5E5AADCEB02E}.Debug|Any CPU.ActiveCfg = Debug|Any CPU
		{AFA004B0-71E7-42B1-86B1-5E5AADCEB02E}.Debug|Any CPU.Build.0 = Debug|Any CPU
		{AFA004B0-71E7-42B1-86B1-5E5AADCEB02E}.Release|Any CPU.ActiveCfg = Release|Any CPU
		{AFA004B0-71E7-42B1-86B1-5E5AADCEB02E}.Release|Any CPU.Build.0 = Release|Any CPU
	EndGlobalSection
	GlobalSection(SolutionProperties) = preSolution
		HideSolutionNode = FALSE
	EndGlobalSection
	GlobalSection(ExtensibilityGlobals) = postSolution
		SolutionGuid = {A3D7C50E-C2B3-42B0-8F27-2631AF972330}
	EndGlobalSection
EndGlobal
